// !$*UTF8*$!
{
	archiveVersion = 1;
	classes = {
	};
	objectVersion = 56;
	objects = {

/* Begin PBXBuildFile section */
		791880322B492C6E0070D32B /* ExpenseTrackerApp.swift in Sources */ = {isa = PBXBuildFile; fileRef = 791880312B492C6E0070D32B /* ExpenseTrackerApp.swift */; };
		791880342B492C6E0070D32B /* ContentView.swift in Sources */ = {isa = PBXBuildFile; fileRef = 791880332B492C6E0070D32B /* ContentView.swift */; };
		791880362B492C6E0070D32B /* Item.swift in Sources */ = {isa = PBXBuildFile; fileRef = 791880352B492C6E0070D32B /* Item.swift */; };
		791880382B492C6F0070D32B /* Assets.xcassets in Resources */ = {isa = PBXBuildFile; fileRef = 791880372B492C6F0070D32B /* Assets.xcassets */; };
		7918803B2B492C6F0070D32B /* Preview Assets.xcassets in Resources */ = {isa = PBXBuildFile; fileRef = 7918803A2B492C6F0070D32B /* Preview Assets.xcassets */; };
		791880452B492C6F0070D32B /* ExpenseTrackerTests.swift in Sources */ = {isa = PBXBuildFile; fileRef = 791880442B492C6F0070D32B /* ExpenseTrackerTests.swift */; };
		7918804F2B492C6F0070D32B /* ExpenseTrackerUITests.swift in Sources */ = {isa = PBXBuildFile; fileRef = 7918804E2B492C6F0070D32B /* ExpenseTrackerUITests.swift */; };
		791880512B492C6F0070D32B /* ExpenseTrackerUITestsLaunchTests.swift in Sources */ = {isa = PBXBuildFile; fileRef = 791880502B492C6F0070D32B /* ExpenseTrackerUITestsLaunchTests.swift */; };
		791A55562B5A688F00E3B970 /* SwipeActionView.swift in Sources */ = {isa = PBXBuildFile; fileRef = 791A55552B5A688F00E3B970 /* SwipeActionView.swift */; };
		7927271D2B4FEFB600C3AA33 /* IntroScreen.swift in Sources */ = {isa = PBXBuildFile; fileRef = 7927271C2B4FEFB600C3AA33 /* IntroScreen.swift */; };
		792727202B50BB2400C3AA33 /* Constants.swift in Sources */ = {isa = PBXBuildFile; fileRef = 7927271F2B50BB2400C3AA33 /* Constants.swift */; };
		792727222B50CEC400C3AA33 /* Tab.swift in Sources */ = {isa = PBXBuildFile; fileRef = 792727212B50CEC400C3AA33 /* Tab.swift */; };
		792727242B50D52700C3AA33 /* Category.swift in Sources */ = {isa = PBXBuildFile; fileRef = 792727232B50D52700C3AA33 /* Category.swift */; };
		792727262B5145D700C3AA33 /* Transaction.swift in Sources */ = {isa = PBXBuildFile; fileRef = 792727252B5145D700C3AA33 /* Transaction.swift */; };
		792727282B5147B300C3AA33 /* TintColor.swift in Sources */ = {isa = PBXBuildFile; fileRef = 792727272B5147B300C3AA33 /* TintColor.swift */; };
		7927272B2B52177000C3AA33 /* Recents.swift in Sources */ = {isa = PBXBuildFile; fileRef = 7927272A2B52177000C3AA33 /* Recents.swift */; };
		7927272D2B52177700C3AA33 /* Search.swift in Sources */ = {isa = PBXBuildFile; fileRef = 7927272C2B52177700C3AA33 /* Search.swift */; };
		7927272F2B52178400C3AA33 /* Graphs.swift in Sources */ = {isa = PBXBuildFile; fileRef = 7927272E2B52178400C3AA33 /* Graphs.swift */; };
		792727312B52178E00C3AA33 /* Settings.swift in Sources */ = {isa = PBXBuildFile; fileRef = 792727302B52178E00C3AA33 /* Settings.swift */; };
		792727332B52199A00C3AA33 /* View+Extensions.swift in Sources */ = {isa = PBXBuildFile; fileRef = 792727322B52199A00C3AA33 /* View+Extensions.swift */; };
		792727352B52257600C3AA33 /* Date+Extensions.swift in Sources */ = {isa = PBXBuildFile; fileRef = 792727342B52257600C3AA33 /* Date+Extensions.swift */; };
		792727382B522C3700C3AA33 /* CardView.swift in Sources */ = {isa = PBXBuildFile; fileRef = 792727372B522C3700C3AA33 /* CardView.swift */; };
		7927273A2B523BC900C3AA33 /* TransactionCardView.swift in Sources */ = {isa = PBXBuildFile; fileRef = 792727392B523BC900C3AA33 /* TransactionCardView.swift */; };
		7927273C2B52444100C3AA33 /* DateFilterView.swift in Sources */ = {isa = PBXBuildFile; fileRef = 7927273B2B52444100C3AA33 /* DateFilterView.swift */; };
		792ACA852B5B69740009D76A /* LockView.swift in Sources */ = {isa = PBXBuildFile; fileRef = 792ACA842B5B69740009D76A /* LockView.swift */; };
/* End PBXBuildFile section */

/* Begin PBXContainerItemProxy section */
		791880412B492C6F0070D32B /* PBXContainerItemProxy */ = {
			isa = PBXContainerItemProxy;
			containerPortal = 791880262B492C6E0070D32B /* Project object */;
			proxyType = 1;
			remoteGlobalIDString = 7918802D2B492C6E0070D32B;
			remoteInfo = ExpenseTracker;
		};
		7918804B2B492C6F0070D32B /* PBXContainerItemProxy */ = {
			isa = PBXContainerItemProxy;
			containerPortal = 791880262B492C6E0070D32B /* Project object */;
			proxyType = 1;
			remoteGlobalIDString = 7918802D2B492C6E0070D32B;
			remoteInfo = ExpenseTracker;
		};
/* End PBXContainerItemProxy section */

/* Begin PBXFileReference section */
		7918802E2B492C6E0070D32B /* ExpenseTracker.app */ = {isa = PBXFileReference; explicitFileType = wrapper.application; includeInIndex = 0; path = ExpenseTracker.app; sourceTree = BUILT_PRODUCTS_DIR; };
		791880312B492C6E0070D32B /* ExpenseTrackerApp.swift */ = {isa = PBXFileReference; lastKnownFileType = sourcecode.swift; path = ExpenseTrackerApp.swift; sourceTree = "<group>"; };
		791880332B492C6E0070D32B /* ContentView.swift */ = {isa = PBXFileReference; lastKnownFileType = sourcecode.swift; path = ContentView.swift; sourceTree = "<group>"; };
		791880352B492C6E0070D32B /* Item.swift */ = {isa = PBXFileReference; lastKnownFileType = sourcecode.swift; path = Item.swift; sourceTree = "<group>"; };
		791880372B492C6F0070D32B /* Assets.xcassets */ = {isa = PBXFileReference; lastKnownFileType = folder.assetcatalog; path = Assets.xcassets; sourceTree = "<group>"; };
		7918803A2B492C6F0070D32B /* Preview Assets.xcassets */ = {isa = PBXFileReference; lastKnownFileType = folder.assetcatalog; path = "Preview Assets.xcassets"; sourceTree = "<group>"; };
		791880402B492C6F0070D32B /* ExpenseTrackerTests.xctest */ = {isa = PBXFileReference; explicitFileType = wrapper.cfbundle; includeInIndex = 0; path = ExpenseTrackerTests.xctest; sourceTree = BUILT_PRODUCTS_DIR; };
		791880442B492C6F0070D32B /* ExpenseTrackerTests.swift */ = {isa = PBXFileReference; lastKnownFileType = sourcecode.swift; path = ExpenseTrackerTests.swift; sourceTree = "<group>"; };
		7918804A2B492C6F0070D32B /* ExpenseTrackerUITests.xctest */ = {isa = PBXFileReference; explicitFileType = wrapper.cfbundle; includeInIndex = 0; path = ExpenseTrackerUITests.xctest; sourceTree = BUILT_PRODUCTS_DIR; };
		7918804E2B492C6F0070D32B /* ExpenseTrackerUITests.swift */ = {isa = PBXFileReference; lastKnownFileType = sourcecode.swift; path = ExpenseTrackerUITests.swift; sourceTree = "<group>"; };
		791880502B492C6F0070D32B /* ExpenseTrackerUITestsLaunchTests.swift */ = {isa = PBXFileReference; lastKnownFileType = sourcecode.swift; path = ExpenseTrackerUITestsLaunchTests.swift; sourceTree = "<group>"; };
		791A55552B5A688F00E3B970 /* SwipeActionView.swift */ = {isa = PBXFileReference; lastKnownFileType = sourcecode.swift; path = SwipeActionView.swift; sourceTree = "<group>"; };
		7927271C2B4FEFB600C3AA33 /* IntroScreen.swift */ = {isa = PBXFileReference; lastKnownFileType = sourcecode.swift; path = IntroScreen.swift; sourceTree = "<group>"; };
		7927271F2B50BB2400C3AA33 /* Constants.swift */ = {isa = PBXFileReference; lastKnownFileType = sourcecode.swift; path = Constants.swift; sourceTree = "<group>"; };
		792727212B50CEC400C3AA33 /* Tab.swift */ = {isa = PBXFileReference; lastKnownFileType = sourcecode.swift; path = Tab.swift; sourceTree = "<group>"; };
		792727232B50D52700C3AA33 /* Category.swift */ = {isa = PBXFileReference; lastKnownFileType = sourcecode.swift; path = Category.swift; sourceTree = "<group>"; };
		792727252B5145D700C3AA33 /* Transaction.swift */ = {isa = PBXFileReference; lastKnownFileType = sourcecode.swift; path = Transaction.swift; sourceTree = "<group>"; };
		792727272B5147B300C3AA33 /* TintColor.swift */ = {isa = PBXFileReference; lastKnownFileType = sourcecode.swift; path = TintColor.swift; sourceTree = "<group>"; };
		7927272A2B52177000C3AA33 /* Recents.swift */ = {isa = PBXFileReference; lastKnownFileType = sourcecode.swift; path = Recents.swift; sourceTree = "<group>"; };
		7927272C2B52177700C3AA33 /* Search.swift */ = {isa = PBXFileReference; lastKnownFileType = sourcecode.swift; path = Search.swift; sourceTree = "<group>"; };
		7927272E2B52178400C3AA33 /* Graphs.swift */ = {isa = PBXFileReference; lastKnownFileType = sourcecode.swift; path = Graphs.swift; sourceTree = "<group>"; };
		792727302B52178E00C3AA33 /* Settings.swift */ = {isa = PBXFileReference; lastKnownFileType = sourcecode.swift; path = Settings.swift; sourceTree = "<group>"; };
		792727322B52199A00C3AA33 /* View+Extensions.swift */ = {isa = PBXFileReference; lastKnownFileType = sourcecode.swift; path = "View+Extensions.swift"; sourceTree = "<group>"; };
		792727342B52257600C3AA33 /* Date+Extensions.swift */ = {isa = PBXFileReference; lastKnownFileType = sourcecode.swift; path = "Date+Extensions.swift"; sourceTree = "<group>"; };
		792727372B522C3700C3AA33 /* CardView.swift */ = {isa = PBXFileReference; lastKnownFileType = sourcecode.swift; path = CardView.swift; sourceTree = "<group>"; };
		792727392B523BC900C3AA33 /* TransactionCardView.swift */ = {isa = PBXFileReference; lastKnownFileType = sourcecode.swift; path = TransactionCardView.swift; sourceTree = "<group>"; };
		7927273B2B52444100C3AA33 /* DateFilterView.swift */ = {isa = PBXFileReference; lastKnownFileType = sourcecode.swift; path = DateFilterView.swift; sourceTree = "<group>"; };
		792ACA842B5B69740009D76A /* LockView.swift */ = {isa = PBXFileReference; lastKnownFileType = sourcecode.swift; path = LockView.swift; sourceTree = "<group>"; };
/* End PBXFileReference section */

/* Begin PBXFrameworksBuildPhase section */
		7918802B2B492C6E0070D32B /* Frameworks */ = {
			isa = PBXFrameworksBuildPhase;
			buildActionMask = 2147483647;
			files = (
			);
			runOnlyForDeploymentPostprocessing = 0;
		};
		7918803D2B492C6F0070D32B /* Frameworks */ = {
			isa = PBXFrameworksBuildPhase;
			buildActionMask = 2147483647;
			files = (
			);
			runOnlyForDeploymentPostprocessing = 0;
		};
		791880472B492C6F0070D32B /* Frameworks */ = {
			isa = PBXFrameworksBuildPhase;
			buildActionMask = 2147483647;
			files = (
			);
			runOnlyForDeploymentPostprocessing = 0;
		};
/* End PBXFrameworksBuildPhase section */

/* Begin PBXGroup section */
		791880252B492C6E0070D32B = {
			isa = PBXGroup;
			children = (
				791880302B492C6E0070D32B /* ExpenseTracker */,
				791880432B492C6F0070D32B /* ExpenseTrackerTests */,
				7918804D2B492C6F0070D32B /* ExpenseTrackerUITests */,
				7918802F2B492C6E0070D32B /* Products */,
			);
			sourceTree = "<group>";
		};
		7918802F2B492C6E0070D32B /* Products */ = {
			isa = PBXGroup;
			children = (
				7918802E2B492C6E0070D32B /* ExpenseTracker.app */,
				791880402B492C6F0070D32B /* ExpenseTrackerTests.xctest */,
				7918804A2B492C6F0070D32B /* ExpenseTrackerUITests.xctest */,
			);
			name = Products;
			sourceTree = "<group>";
		};
		791880302B492C6E0070D32B /* ExpenseTracker */ = {
			isa = PBXGroup;
			children = (
				791880312B492C6E0070D32B /* ExpenseTrackerApp.swift */,
				791880332B492C6E0070D32B /* ContentView.swift */,
				791880352B492C6E0070D32B /* Item.swift */,
				7927271E2B50BB0F00C3AA33 /* Helpers */,
				7927271B2B4FEF3100C3AA33 /* Model */,
				7927271A2B4FEF2500C3AA33 /* View */,
				791880372B492C6F0070D32B /* Assets.xcassets */,
				791880392B492C6F0070D32B /* Preview Content */,
			);
			path = ExpenseTracker;
			sourceTree = "<group>";
		};
		791880392B492C6F0070D32B /* Preview Content */ = {
			isa = PBXGroup;
			children = (
				7918803A2B492C6F0070D32B /* Preview Assets.xcassets */,
			);
			path = "Preview Content";
			sourceTree = "<group>";
		};
		791880432B492C6F0070D32B /* ExpenseTrackerTests */ = {
			isa = PBXGroup;
			children = (
				791880442B492C6F0070D32B /* ExpenseTrackerTests.swift */,
			);
			path = ExpenseTrackerTests;
			sourceTree = "<group>";
		};
		7918804D2B492C6F0070D32B /* ExpenseTrackerUITests */ = {
			isa = PBXGroup;
			children = (
				7918804E2B492C6F0070D32B /* ExpenseTrackerUITests.swift */,
				791880502B492C6F0070D32B /* ExpenseTrackerUITestsLaunchTests.swift */,
			);
			path = ExpenseTrackerUITests;
			sourceTree = "<group>";
		};
		7927271A2B4FEF2500C3AA33 /* View */ = {
			isa = PBXGroup;
			children = (
				792727362B522C2800C3AA33 /* Helpers */,
				792727292B52175100C3AA33 /* TabViews */,
				7927271C2B4FEFB600C3AA33 /* IntroScreen.swift */,
			);
			path = View;
			sourceTree = "<group>";
		};
		7927271B2B4FEF3100C3AA33 /* Model */ = {
			isa = PBXGroup;
			children = (
				792727212B50CEC400C3AA33 /* Tab.swift */,
				792727232B50D52700C3AA33 /* Category.swift */,
				792727252B5145D700C3AA33 /* Transaction.swift */,
				792727272B5147B300C3AA33 /* TintColor.swift */,
			);
			path = Model;
			sourceTree = "<group>";
		};
		7927271E2B50BB0F00C3AA33 /* Helpers */ = {
			isa = PBXGroup;
			children = (
				7927271F2B50BB2400C3AA33 /* Constants.swift */,
				792727322B52199A00C3AA33 /* View+Extensions.swift */,
				792727342B52257600C3AA33 /* Date+Extensions.swift */,
			);
			path = Helpers;
			sourceTree = "<group>";
		};
		792727292B52175100C3AA33 /* TabViews */ = {
			isa = PBXGroup;
			children = (
				7927272A2B52177000C3AA33 /* Recents.swift */,
				7927272C2B52177700C3AA33 /* Search.swift */,
				7927272E2B52178400C3AA33 /* Graphs.swift */,
				792727302B52178E00C3AA33 /* Settings.swift */,
			);
			path = TabViews;
			sourceTree = "<group>";
		};
		792727362B522C2800C3AA33 /* Helpers */ = {
			isa = PBXGroup;
			children = (
				792727372B522C3700C3AA33 /* CardView.swift */,
				792727392B523BC900C3AA33 /* TransactionCardView.swift */,
				7927273B2B52444100C3AA33 /* DateFilterView.swift */,
				791A55552B5A688F00E3B970 /* SwipeActionView.swift */,
				792ACA842B5B69740009D76A /* LockView.swift */,
			);
			path = Helpers;
			sourceTree = "<group>";
		};
/* End PBXGroup section */

/* Begin PBXNativeTarget section */
		7918802D2B492C6E0070D32B /* ExpenseTracker */ = {
			isa = PBXNativeTarget;
			buildConfigurationList = 791880542B492C6F0070D32B /* Build configuration list for PBXNativeTarget "ExpenseTracker" */;
			buildPhases = (
				7918802A2B492C6E0070D32B /* Sources */,
				7918802B2B492C6E0070D32B /* Frameworks */,
				7918802C2B492C6E0070D32B /* Resources */,
			);
			buildRules = (
			);
			dependencies = (
			);
			name = ExpenseTracker;
			productName = ExpenseTracker;
			productReference = 7918802E2B492C6E0070D32B /* ExpenseTracker.app */;
			productType = "com.apple.product-type.application";
		};
		7918803F2B492C6F0070D32B /* ExpenseTrackerTests */ = {
			isa = PBXNativeTarget;
			buildConfigurationList = 791880572B492C6F0070D32B /* Build configuration list for PBXNativeTarget "ExpenseTrackerTests" */;
			buildPhases = (
				7918803C2B492C6F0070D32B /* Sources */,
				7918803D2B492C6F0070D32B /* Frameworks */,
				7918803E2B492C6F0070D32B /* Resources */,
			);
			buildRules = (
			);
			dependencies = (
				791880422B492C6F0070D32B /* PBXTargetDependency */,
			);
			name = ExpenseTrackerTests;
			productName = ExpenseTrackerTests;
			productReference = 791880402B492C6F0070D32B /* ExpenseTrackerTests.xctest */;
			productType = "com.apple.product-type.bundle.unit-test";
		};
		791880492B492C6F0070D32B /* ExpenseTrackerUITests */ = {
			isa = PBXNativeTarget;
			buildConfigurationList = 7918805A2B492C6F0070D32B /* Build configuration list for PBXNativeTarget "ExpenseTrackerUITests" */;
			buildPhases = (
				791880462B492C6F0070D32B /* Sources */,
				791880472B492C6F0070D32B /* Frameworks */,
				791880482B492C6F0070D32B /* Resources */,
			);
			buildRules = (
			);
			dependencies = (
				7918804C2B492C6F0070D32B /* PBXTargetDependency */,
			);
			name = ExpenseTrackerUITests;
			productName = ExpenseTrackerUITests;
			productReference = 7918804A2B492C6F0070D32B /* ExpenseTrackerUITests.xctest */;
			productType = "com.apple.product-type.bundle.ui-testing";
		};
/* End PBXNativeTarget section */

/* Begin PBXProject section */
		791880262B492C6E0070D32B /* Project object */ = {
			isa = PBXProject;
			attributes = {
				BuildIndependentTargetsInParallel = 1;
				LastSwiftUpdateCheck = 1510;
				LastUpgradeCheck = 1510;
				TargetAttributes = {
					7918802D2B492C6E0070D32B = {
						CreatedOnToolsVersion = 15.1;
					};
					7918803F2B492C6F0070D32B = {
						CreatedOnToolsVersion = 15.1;
						TestTargetID = 7918802D2B492C6E0070D32B;
					};
					791880492B492C6F0070D32B = {
						CreatedOnToolsVersion = 15.1;
						TestTargetID = 7918802D2B492C6E0070D32B;
					};
				};
			};
			buildConfigurationList = 791880292B492C6E0070D32B /* Build configuration list for PBXProject "ExpenseTracker" */;
			compatibilityVersion = "Xcode 14.0";
			developmentRegion = en;
			hasScannedForEncodings = 0;
			knownRegions = (
				en,
				Base,
			);
			mainGroup = 791880252B492C6E0070D32B;
			productRefGroup = 7918802F2B492C6E0070D32B /* Products */;
			projectDirPath = "";
			projectRoot = "";
			targets = (
				7918802D2B492C6E0070D32B /* ExpenseTracker */,
				7918803F2B492C6F0070D32B /* ExpenseTrackerTests */,
				791880492B492C6F0070D32B /* ExpenseTrackerUITests */,
			);
		};
/* End PBXProject section */

/* Begin PBXResourcesBuildPhase section */
		7918802C2B492C6E0070D32B /* Resources */ = {
			isa = PBXResourcesBuildPhase;
			buildActionMask = 2147483647;
			files = (
				7918803B2B492C6F0070D32B /* Preview Assets.xcassets in Resources */,
				791880382B492C6F0070D32B /* Assets.xcassets in Resources */,
			);
			runOnlyForDeploymentPostprocessing = 0;
		};
		7918803E2B492C6F0070D32B /* Resources */ = {
			isa = PBXResourcesBuildPhase;
			buildActionMask = 2147483647;
			files = (
			);
			runOnlyForDeploymentPostprocessing = 0;
		};
		791880482B492C6F0070D32B /* Resources */ = {
			isa = PBXResourcesBuildPhase;
			buildActionMask = 2147483647;
			files = (
			);
			runOnlyForDeploymentPostprocessing = 0;
		};
/* End PBXResourcesBuildPhase section */

/* Begin PBXSourcesBuildPhase section */
		7918802A2B492C6E0070D32B /* Sources */ = {
			isa = PBXSourcesBuildPhase;
			buildActionMask = 2147483647;
			files = (
				791A55562B5A688F00E3B970 /* SwipeActionView.swift in Sources */,
				7927272F2B52178400C3AA33 /* Graphs.swift in Sources */,
				7927272D2B52177700C3AA33 /* Search.swift in Sources */,
				7927273C2B52444100C3AA33 /* DateFilterView.swift in Sources */,
				792727312B52178E00C3AA33 /* Settings.swift in Sources */,
				792727202B50BB2400C3AA33 /* Constants.swift in Sources */,
				7927271D2B4FEFB600C3AA33 /* IntroScreen.swift in Sources */,
				792727262B5145D700C3AA33 /* Transaction.swift in Sources */,
				7927273A2B523BC900C3AA33 /* TransactionCardView.swift in Sources */,
				791880342B492C6E0070D32B /* ContentView.swift in Sources */,
				7927272B2B52177000C3AA33 /* Recents.swift in Sources */,
				792727352B52257600C3AA33 /* Date+Extensions.swift in Sources */,
				792727222B50CEC400C3AA33 /* Tab.swift in Sources */,
				792ACA852B5B69740009D76A /* LockView.swift in Sources */,
				791880362B492C6E0070D32B /* Item.swift in Sources */,
				792727332B52199A00C3AA33 /* View+Extensions.swift in Sources */,
				791880322B492C6E0070D32B /* ExpenseTrackerApp.swift in Sources */,
				792727282B5147B300C3AA33 /* TintColor.swift in Sources */,
				792727382B522C3700C3AA33 /* CardView.swift in Sources */,
				792727242B50D52700C3AA33 /* Category.swift in Sources */,
			);
			runOnlyForDeploymentPostprocessing = 0;
		};
		7918803C2B492C6F0070D32B /* Sources */ = {
			isa = PBXSourcesBuildPhase;
			buildActionMask = 2147483647;
			files = (
				791880452B492C6F0070D32B /* ExpenseTrackerTests.swift in Sources */,
			);
			runOnlyForDeploymentPostprocessing = 0;
		};
		791880462B492C6F0070D32B /* Sources */ = {
			isa = PBXSourcesBuildPhase;
			buildActionMask = 2147483647;
			files = (
				791880512B492C6F0070D32B /* ExpenseTrackerUITestsLaunchTests.swift in Sources */,
				7918804F2B492C6F0070D32B /* ExpenseTrackerUITests.swift in Sources */,
			);
			runOnlyForDeploymentPostprocessing = 0;
		};
/* End PBXSourcesBuildPhase section */

/* Begin PBXTargetDependency section */
		791880422B492C6F0070D32B /* PBXTargetDependency */ = {
			isa = PBXTargetDependency;
			target = 7918802D2B492C6E0070D32B /* ExpenseTracker */;
			targetProxy = 791880412B492C6F0070D32B /* PBXContainerItemProxy */;
		};
		7918804C2B492C6F0070D32B /* PBXTargetDependency */ = {
			isa = PBXTargetDependency;
			target = 7918802D2B492C6E0070D32B /* ExpenseTracker */;
			targetProxy = 7918804B2B492C6F0070D32B /* PBXContainerItemProxy */;
		};
/* End PBXTargetDependency section */

/* Begin XCBuildConfiguration section */
		791880522B492C6F0070D32B /* Debug */ = {
			isa = XCBuildConfiguration;
			buildSettings = {
				ALWAYS_SEARCH_USER_PATHS = NO;
				ASSETCATALOG_COMPILER_GENERATE_SWIFT_ASSET_SYMBOL_EXTENSIONS = YES;
				CLANG_ANALYZER_NONNULL = YES;
				CLANG_ANALYZER_NUMBER_OBJECT_CONVERSION = YES_AGGRESSIVE;
				CLANG_CXX_LANGUAGE_STANDARD = "gnu++20";
				CLANG_ENABLE_MODULES = YES;
				CLANG_ENABLE_OBJC_ARC = YES;
				CLANG_ENABLE_OBJC_WEAK = YES;
				CLANG_WARN_BLOCK_CAPTURE_AUTORELEASING = YES;
				CLANG_WARN_BOOL_CONVERSION = YES;
				CLANG_WARN_COMMA = YES;
				CLANG_WARN_CONSTANT_CONVERSION = YES;
				CLANG_WARN_DEPRECATED_OBJC_IMPLEMENTATIONS = YES;
				CLANG_WARN_DIRECT_OBJC_ISA_USAGE = YES_ERROR;
				CLANG_WARN_DOCUMENTATION_COMMENTS = YES;
				CLANG_WARN_EMPTY_BODY = YES;
				CLANG_WARN_ENUM_CONVERSION = YES;
				CLANG_WARN_INFINITE_RECURSION = YES;
				CLANG_WARN_INT_CONVERSION = YES;
				CLANG_WARN_NON_LITERAL_NULL_CONVERSION = YES;
				CLANG_WARN_OBJC_IMPLICIT_RETAIN_SELF = YES;
				CLANG_WARN_OBJC_LITERAL_CONVERSION = YES;
				CLANG_WARN_OBJC_ROOT_CLASS = YES_ERROR;
				CLANG_WARN_QUOTED_INCLUDE_IN_FRAMEWORK_HEADER = YES;
				CLANG_WARN_RANGE_LOOP_ANALYSIS = YES;
				CLANG_WARN_STRICT_PROTOTYPES = YES;
				CLANG_WARN_SUSPICIOUS_MOVE = YES;
				CLANG_WARN_UNGUARDED_AVAILABILITY = YES_AGGRESSIVE;
				CLANG_WARN_UNREACHABLE_CODE = YES;
				CLANG_WARN__DUPLICATE_METHOD_MATCH = YES;
				COPY_PHASE_STRIP = NO;
				DEBUG_INFORMATION_FORMAT = dwarf;
				ENABLE_STRICT_OBJC_MSGSEND = YES;
				ENABLE_TESTABILITY = YES;
				ENABLE_USER_SCRIPT_SANDBOXING = YES;
				GCC_C_LANGUAGE_STANDARD = gnu17;
				GCC_DYNAMIC_NO_PIC = NO;
				GCC_NO_COMMON_BLOCKS = YES;
				GCC_OPTIMIZATION_LEVEL = 0;
				GCC_PREPROCESSOR_DEFINITIONS = (
					"DEBUG=1",
					"$(inherited)",
				);
				GCC_WARN_64_TO_32_BIT_CONVERSION = YES;
				GCC_WARN_ABOUT_RETURN_TYPE = YES_ERROR;
				GCC_WARN_UNDECLARED_SELECTOR = YES;
				GCC_WARN_UNINITIALIZED_AUTOS = YES_AGGRESSIVE;
				GCC_WARN_UNUSED_FUNCTION = YES;
				GCC_WARN_UNUSED_VARIABLE = YES;
				IPHONEOS_DEPLOYMENT_TARGET = 17.2;
				LOCALIZATION_PREFERS_STRING_CATALOGS = YES;
				MTL_ENABLE_DEBUG_INFO = INCLUDE_SOURCE;
				MTL_FAST_MATH = YES;
				ONLY_ACTIVE_ARCH = YES;
				SDKROOT = iphoneos;
				SWIFT_ACTIVE_COMPILATION_CONDITIONS = "DEBUG $(inherited)";
				SWIFT_OPTIMIZATION_LEVEL = "-Onone";
			};
			name = Debug;
		};
		791880532B492C6F0070D32B /* Release */ = {
			isa = XCBuildConfiguration;
			buildSettings = {
				ALWAYS_SEARCH_USER_PATHS = NO;
				ASSETCATALOG_COMPILER_GENERATE_SWIFT_ASSET_SYMBOL_EXTENSIONS = YES;
				CLANG_ANALYZER_NONNULL = YES;
				CLANG_ANALYZER_NUMBER_OBJECT_CONVERSION = YES_AGGRESSIVE;
				CLANG_CXX_LANGUAGE_STANDARD = "gnu++20";
				CLANG_ENABLE_MODULES = YES;
				CLANG_ENABLE_OBJC_ARC = YES;
				CLANG_ENABLE_OBJC_WEAK = YES;
				CLANG_WARN_BLOCK_CAPTURE_AUTORELEASING = YES;
				CLANG_WARN_BOOL_CONVERSION = YES;
				CLANG_WARN_COMMA = YES;
				CLANG_WARN_CONSTANT_CONVERSION = YES;
				CLANG_WARN_DEPRECATED_OBJC_IMPLEMENTATIONS = YES;
				CLANG_WARN_DIRECT_OBJC_ISA_USAGE = YES_ERROR;
				CLANG_WARN_DOCUMENTATION_COMMENTS = YES;
				CLANG_WARN_EMPTY_BODY = YES;
				CLANG_WARN_ENUM_CONVERSION = YES;
				CLANG_WARN_INFINITE_RECURSION = YES;
				CLANG_WARN_INT_CONVERSION = YES;
				CLANG_WARN_NON_LITERAL_NULL_CONVERSION = YES;
				CLANG_WARN_OBJC_IMPLICIT_RETAIN_SELF = YES;
				CLANG_WARN_OBJC_LITERAL_CONVERSION = YES;
				CLANG_WARN_OBJC_ROOT_CLASS = YES_ERROR;
				CLANG_WARN_QUOTED_INCLUDE_IN_FRAMEWORK_HEADER = YES;
				CLANG_WARN_RANGE_LOOP_ANALYSIS = YES;
				CLANG_WARN_STRICT_PROTOTYPES = YES;
				CLANG_WARN_SUSPICIOUS_MOVE = YES;
				CLANG_WARN_UNGUARDED_AVAILABILITY = YES_AGGRESSIVE;
				CLANG_WARN_UNREACHABLE_CODE = YES;
				CLANG_WARN__DUPLICATE_METHOD_MATCH = YES;
				COPY_PHASE_STRIP = NO;
				DEBUG_INFORMATION_FORMAT = "dwarf-with-dsym";
				ENABLE_NS_ASSERTIONS = NO;
				ENABLE_STRICT_OBJC_MSGSEND = YES;
				ENABLE_USER_SCRIPT_SANDBOXING = YES;
				GCC_C_LANGUAGE_STANDARD = gnu17;
				GCC_NO_COMMON_BLOCKS = YES;
				GCC_WARN_64_TO_32_BIT_CONVERSION = YES;
				GCC_WARN_ABOUT_RETURN_TYPE = YES_ERROR;
				GCC_WARN_UNDECLARED_SELECTOR = YES;
				GCC_WARN_UNINITIALIZED_AUTOS = YES_AGGRESSIVE;
				GCC_WARN_UNUSED_FUNCTION = YES;
				GCC_WARN_UNUSED_VARIABLE = YES;
				IPHONEOS_DEPLOYMENT_TARGET = 17.2;
				LOCALIZATION_PREFERS_STRING_CATALOGS = YES;
				MTL_ENABLE_DEBUG_INFO = NO;
				MTL_FAST_MATH = YES;
				SDKROOT = iphoneos;
				SWIFT_COMPILATION_MODE = wholemodule;
				VALIDATE_PRODUCT = YES;
			};
			name = Release;
		};
		791880552B492C6F0070D32B /* Debug */ = {
			isa = XCBuildConfiguration;
			buildSettings = {
				ASSETCATALOG_COMPILER_APPICON_NAME = AppIcon;
				ASSETCATALOG_COMPILER_GLOBAL_ACCENT_COLOR_NAME = AccentColor;
				CODE_SIGN_STYLE = Automatic;
				CURRENT_PROJECT_VERSION = 1;
				DEVELOPMENT_ASSET_PATHS = "\"ExpenseTracker/Preview Content\"";
				DEVELOPMENT_TEAM = G639TCDRRY;
				ENABLE_PREVIEWS = YES;
				GENERATE_INFOPLIST_FILE = YES;
				INFOPLIST_KEY_NSFaceIDUsageDescription = "\"Face ID\"";
				INFOPLIST_KEY_UIApplicationSceneManifest_Generation = YES;
				INFOPLIST_KEY_UIApplicationSupportsIndirectInputEvents = YES;
				INFOPLIST_KEY_UILaunchScreen_Generation = YES;
				INFOPLIST_KEY_UISupportedInterfaceOrientations_iPad = "UIInterfaceOrientationPortrait UIInterfaceOrientationPortraitUpsideDown UIInterfaceOrientationLandscapeLeft UIInterfaceOrientationLandscapeRight";
				INFOPLIST_KEY_UISupportedInterfaceOrientations_iPhone = "UIInterfaceOrientationPortrait UIInterfaceOrientationLandscapeLeft UIInterfaceOrientationLandscapeRight";
				LD_RUNPATH_SEARCH_PATHS = (
					"$(inherited)",
					"@executable_path/Frameworks",
				);
				MARKETING_VERSION = 1.0;
				PRODUCT_BUNDLE_IDENTIFIER = com.metzendo.ExpenseTracker;
				PRODUCT_NAME = "$(TARGET_NAME)";
				SWIFT_EMIT_LOC_STRINGS = YES;
				SWIFT_VERSION = 5.0;
				TARGETED_DEVICE_FAMILY = "1,2";
			};
			name = Debug;
		};
		791880562B492C6F0070D32B /* Release */ = {
			isa = XCBuildConfiguration;
			buildSettings = {
				ASSETCATALOG_COMPILER_APPICON_NAME = AppIcon;
				ASSETCATALOG_COMPILER_GLOBAL_ACCENT_COLOR_NAME = AccentColor;
				CODE_SIGN_STYLE = Automatic;
				CURRENT_PROJECT_VERSION = 1;
				DEVELOPMENT_ASSET_PATHS = "\"ExpenseTracker/Preview Content\"";
				DEVELOPMENT_TEAM = G639TCDRRY;
				ENABLE_PREVIEWS = YES;
				GENERATE_INFOPLIST_FILE = YES;
				INFOPLIST_KEY_NSFaceIDUsageDescription = "\"Face ID\"";
				INFOPLIST_KEY_UIApplicationSceneManifest_Generation = YES;
				INFOPLIST_KEY_UIApplicationSupportsIndirectInputEvents = YES;
				INFOPLIST_KEY_UILaunchScreen_Generation = YES;
				INFOPLIST_KEY_UISupportedInterfaceOrientations_iPad = "UIInterfaceOrientationPortrait UIInterfaceOrientationPortraitUpsideDown UIInterfaceOrientationLandscapeLeft UIInterfaceOrientationLandscapeRight";
				INFOPLIST_KEY_UISupportedInterfaceOrientations_iPhone = "UIInterfaceOrientationPortrait UIInterfaceOrientationLandscapeLeft UIInterfaceOrientationLandscapeRight";
				LD_RUNPATH_SEARCH_PATHS = (
					"$(inherited)",
					"@executable_path/Frameworks",
				);
				MARKETING_VERSION = 1.0;
				PRODUCT_BUNDLE_IDENTIFIER = com.metzendo.ExpenseTracker;
				PRODUCT_NAME = "$(TARGET_NAME)";
				SWIFT_EMIT_LOC_STRINGS = YES;
				SWIFT_VERSION = 5.0;
				TARGETED_DEVICE_FAMILY = "1,2";
			};
			name = Release;
		};
		791880582B492C6F0070D32B /* Debug */ = {
			isa = XCBuildConfiguration;
			buildSettings = {
				ALWAYS_EMBED_SWIFT_STANDARD_LIBRARIES = YES;
				BUNDLE_LOADER = "$(TEST_HOST)";
				CODE_SIGN_STYLE = Automatic;
				CURRENT_PROJECT_VERSION = 1;
				DEVELOPMENT_TEAM = G639TCDRRY;
				GENERATE_INFOPLIST_FILE = YES;
				IPHONEOS_DEPLOYMENT_TARGET = 17.2;
				MARKETING_VERSION = 1.0;
				PRODUCT_BUNDLE_IDENTIFIER = com.metzendo.ExpenseTrackerTests;
				PRODUCT_NAME = "$(TARGET_NAME)";
				SWIFT_EMIT_LOC_STRINGS = NO;
				SWIFT_VERSION = 5.0;
				TARGETED_DEVICE_FAMILY = "1,2";
				TEST_HOST = "$(BUILT_PRODUCTS_DIR)/ExpenseTracker.app/$(BUNDLE_EXECUTABLE_FOLDER_PATH)/ExpenseTracker";
			};
			name = Debug;
		};
		791880592B492C6F0070D32B /* Release */ = {
			isa = XCBuildConfiguration;
			buildSettings = {
				ALWAYS_EMBED_SWIFT_STANDARD_LIBRARIES = YES;
				BUNDLE_LOADER = "$(TEST_HOST)";
				CODE_SIGN_STYLE = Automatic;
				CURRENT_PROJECT_VERSION = 1;
				DEVELOPMENT_TEAM = G639TCDRRY;
				GENERATE_INFOPLIST_FILE = YES;
				IPHONEOS_DEPLOYMENT_TARGET = 17.2;
				MARKETING_VERSION = 1.0;
				PRODUCT_BUNDLE_IDENTIFIER = com.metzendo.ExpenseTrackerTests;
				PRODUCT_NAME = "$(TARGET_NAME)";
				SWIFT_EMIT_LOC_STRINGS = NO;
				SWIFT_VERSION = 5.0;
				TARGETED_DEVICE_FAMILY = "1,2";
				TEST_HOST = "$(BUILT_PRODUCTS_DIR)/ExpenseTracker.app/$(BUNDLE_EXECUTABLE_FOLDER_PATH)/ExpenseTracker";
			};
			name = Release;
		};
		7918805B2B492C6F0070D32B /* Debug */ = {
			isa = XCBuildConfiguration;
			buildSettings = {
				ALWAYS_EMBED_SWIFT_STANDARD_LIBRARIES = YES;
				CODE_SIGN_STYLE = Automatic;
				CURRENT_PROJECT_VERSION = 1;
				DEVELOPMENT_TEAM = G639TCDRRY;
				GENERATE_INFOPLIST_FILE = YES;
				MARKETING_VERSION = 1.0;
				PRODUCT_BUNDLE_IDENTIFIER = com.metzendo.ExpenseTrackerUITests;
				PRODUCT_NAME = "$(TARGET_NAME)";
				SWIFT_EMIT_LOC_STRINGS = NO;
				SWIFT_VERSION = 5.0;
				TARGETED_DEVICE_FAMILY = "1,2";
				TEST_TARGET_NAME = ExpenseTracker;
			};
			name = Debug;
		};
		7918805C2B492C6F0070D32B /* Release */ = {
			isa = XCBuildConfiguration;
			buildSettings = {
				ALWAYS_EMBED_SWIFT_STANDARD_LIBRARIES = YES;
				CODE_SIGN_STYLE = Automatic;
				CURRENT_PROJECT_VERSION = 1;
				DEVELOPMENT_TEAM = G639TCDRRY;
				GENERATE_INFOPLIST_FILE = YES;
				MARKETING_VERSION = 1.0;
				PRODUCT_BUNDLE_IDENTIFIER = com.metzendo.ExpenseTrackerUITests;
				PRODUCT_NAME = "$(TARGET_NAME)";
				SWIFT_EMIT_LOC_STRINGS = NO;
				SWIFT_VERSION = 5.0;
				TARGETED_DEVICE_FAMILY = "1,2";
				TEST_TARGET_NAME = ExpenseTracker;
			};
			name = Release;
		};
/* End XCBuildConfiguration section */

/* Begin XCConfigurationList section */
		791880292B492C6E0070D32B /* Build configuration list for PBXProject "ExpenseTracker" */ = {
			isa = XCConfigurationList;
			buildConfigurations = (
				791880522B492C6F0070D32B /* Debug */,
				791880532B492C6F0070D32B /* Release */,
			);
			defaultConfigurationIsVisible = 0;
			defaultConfigurationName = Release;
		};
		791880542B492C6F0070D32B /* Build configuration list for PBXNativeTarget "ExpenseTracker" */ = {
			isa = XCConfigurationList;
			buildConfigurations = (
				791880552B492C6F0070D32B /* Debug */,
				791880562B492C6F0070D32B /* Release */,
			);
			defaultConfigurationIsVisible = 0;
			defaultConfigurationName = Release;
		};
		791880572B492C6F0070D32B /* Build configuration list for PBXNativeTarget "ExpenseTrackerTests" */ = {
			isa = XCConfigurationList;
			buildConfigurations = (
				791880582B492C6F0070D32B /* Debug */,
				791880592B492C6F0070D32B /* Release */,
			);
			defaultConfigurationIsVisible = 0;
			defaultConfigurationName = Release;
		};
		7918805A2B492C6F0070D32B /* Build configuration list for PBXNativeTarget "ExpenseTrackerUITests" */ = {
			isa = XCConfigurationList;
			buildConfigurations = (
				7918805B2B492C6F0070D32B /* Debug */,
				7918805C2B492C6F0070D32B /* Release */,
			);
			defaultConfigurationIsVisible = 0;
			defaultConfigurationName = Release;
		};
/* End XCConfigurationList section */
	};
	rootObject = 791880262B492C6E0070D32B /* Project object */;
}
